
Microsoft Visual Studio Solution File, Format Version 12.00
# Visual Studio 2013
VisualStudioVersion = 12.0.40629.0
MinimumVisualStudioVersion = 10.0.40219.1
Project("{FAE04EC0-301F-11D3-BF4B-00C04F79EFBC}") = "Bowling", "Bowling\Bowling.csproj", "{15CBD2E7-8FD0-48CA-BD17-455C2EF8C864}"
EndProject
Project("{FAE04EC0-301F-11D3-BF4B-00C04F79EFBC}") = "Bowling.UnitTests", "Bowling.UnitTests\Bowling.UnitTests.csproj", "{CE037B71-F281-49F5-93DE-947FBE79C9EC}"
EndProject
Global
	GlobalSection(SolutionConfigurationPlatforms) = preSolution
		Debug|Any CPU = Debug|Any CPU
		Release|Any CPU = Release|Any CPU
	EndGlobalSection
	GlobalSection(ProjectConfigurationPlatforms) = postSolution
		{15CBD2E7-8FD0-48CA-BD17-455C2EF8C864}.Debug|Any CPU.ActiveCfg = Debug|Any CPU
		{15CBD2E7-8FD0-48CA-BD17-455C2EF8C864}.Debug|Any CPU.Build.0 = Debug|Any CPU
		{15CBD2E7-8FD0-48CA-BD17-455C2EF8C864}.Release|Any CPU.ActiveCfg = Release|Any CPU
		{15CBD2E7-8FD0-48CA-BD17-455C2EF8C864}.Release|Any CPU.Build.0 = Release|Any CPU
		{CE037B71-F281-49F5-93DE-947FBE79C9EC}.Debug|Any CPU.ActiveCfg = Debug|Any CPU
		{CE037B71-F281-49F5-93DE-947FBE79C9EC}.Debug|Any CPU.Build.0 = Debug|Any CPU
		{CE037B71-F281-49F5-93DE-947FBE79C9EC}.Release|Any CPU.ActiveCfg = Release|Any CPU
		{CE037B71-F281-49F5-93DE-947FBE79C9EC}.Release|Any CPU.Build.0 = Release|Any CPU
	EndGlobalSection
	GlobalSection(SolutionProperties) = preSolution
		HideSolutionNode = FALSE
	EndGlobalSection
EndGlobal
